
Microsoft Visual Studio Solution File, Format Version 12.00
# Visual Studio Version 17
VisualStudioVersion = 17.1.32210.238
MinimumVisualStudioVersion = 10.0.40219.1
Project("{FAE04EC0-301F-11D3-BF4B-00C04F79EFBC}") = "Cafeteria", "Cafeteria\Cafeteria.csproj", "{3559C1FD-58AB-4515-8462-419877B63AD3}"
EndProject
Project("{FAE04EC0-301F-11D3-BF4B-00C04F79EFBC}") = "TestCafeteria", "TestCafeteria\TestCafeteria.csproj", "{E3C0CE8B-0A2C-4961-98DE-6CB9BD23B345}"
EndProject
Global
	GlobalSection(SolutionConfigurationPlatforms) = preSolution
		Debug|Any CPU = Debug|Any CPU
		Release|Any CPU = Release|Any CPU
	EndGlobalSection
	GlobalSection(ProjectConfigurationPlatforms) = postSolution
		{3559C1FD-58AB-4515-8462-419877B63AD3}.Debug|Any CPU.ActiveCfg = Debug|Any CPU
		{3559C1FD-58AB-4515-8462-419877B63AD3}.Debug|Any CPU.Build.0 = Debug|Any CPU
		{3559C1FD-58AB-4515-8462-419877B63AD3}.Release|Any CPU.ActiveCfg = Release|Any CPU
		{3559C1FD-58AB-4515-8462-419877B63AD3}.Release|Any CPU.Build.0 = Release|Any CPU
		{E3C0CE8B-0A2C-4961-98DE-6CB9BD23B345}.Debug|Any CPU.ActiveCfg = Debug|Any CPU
		{E3C0CE8B-0A2C-4961-98DE-6CB9BD23B345}.Debug|Any CPU.Build.0 = Debug|Any CPU
		{E3C0CE8B-0A2C-4961-98DE-6CB9BD23B345}.Release|Any CPU.ActiveCfg = Release|Any CPU
		{E3C0CE8B-0A2C-4961-98DE-6CB9BD23B345}.Release|Any CPU.Build.0 = Release|Any CPU
	EndGlobalSection
	GlobalSection(SolutionProperties) = preSolution
		HideSolutionNode = FALSE
	EndGlobalSection
	GlobalSection(ExtensibilityGlobals) = postSolution
		SolutionGuid = {4DC3DEFB-A638-4BA3-98E9-419F7A3BC975}
	EndGlobalSection
EndGlobal
